lockfile_version: '1'
generated_at: '2026-10-07T12:29:01.657096+00:00'
apm_version: 0.29.0
dependencies:
- repo_url: _local/knowledge-agent-pack
  name: knowledge-agent-pack
  version: 0.1.0
  package_type: apm_package
  deployed_files:
  - .agents/skills/knowledge-compound
  - .agents/skills/knowledge-compound/SKILL.md
  - .agents/skills/knowledge-compound/references/business-decisions.md
  - .agents/skills/knowledge-compound/references/guidance-authoring.md
  - .agents/skills/knowledge-compound/references/owner-discovery.md
  - .agents/skills/knowledge-setup
  - .agents/skills/knowledge-setup/SKILL.md
  - .agents/skills/knowledge-setup/references/business-onboarding.md
  - .agents/skills/knowledge-setup/references/claude-scheduled.md
  - .agents/skills/knowledge-setup/references/codex-scheduled.md
  - .agents/skills/knowledge-setup/references/container-profiles.md
  - .agents/skills/knowledge-setup/references/containers.md
  - .agents/skills/knowledge-setup/references/copilot-scheduled.md
  - .agents/skills/knowledge-setup/references/existing-repository.md
  - .agents/skills/knowledge-setup/references/knowledge-instance.md
  - .agents/skills/knowledge-setup/references/local-compounding.md
  - .agents/skills/knowledge-setup/references/portable-hooks.md
  - .agents/skills/knowledge-setup/references/profiles.md
  - .agents/skills/knowledge-setup/references/publication.md
  - .agents/skills/knowledge-setup/scripts/launch_container.py
  - .agents/skills/knowledge-setup/scripts/prepare_container_profile.py
  - .agents/skills/knowledge-setup/scripts/register_profile.py
  - .agents/skills/knowledge-setup/scripts/setup_runtime.py
  - .agents/skills/knowledge-upgrade
  - .agents/skills/knowledge-upgrade/SKILL.md
  - .agents/skills/knowledge-upgrade/references/scaffold-upgrades.md
  - .claude/rules/agent-knowledge-discovery.md
  - .claude/skills/knowledge-compound
  - .claude/skills/knowledge-compound/SKILL.md
  - .claude/skills/knowledge-compound/references/business-decisions.md
  - .claude/skills/knowledge-compound/references/guidance-authoring.md
  - .claude/skills/knowledge-compound/references/owner-discovery.md
  - .claude/skills/knowledge-setup
  - .claude/skills/knowledge-setup/SKILL.md
  - .claude/skills/knowledge-setup/references/business-onboarding.md
  - .claude/skills/knowledge-setup/references/claude-scheduled.md
  - .claude/skills/knowledge-setup/references/codex-scheduled.md
  - .claude/skills/knowledge-setup/references/container-profiles.md
  - .claude/skills/knowledge-setup/references/containers.md
  - .claude/skills/knowledge-setup/references/copilot-scheduled.md
  - .claude/skills/knowledge-setup/references/existing-repository.md
  - .claude/skills/knowledge-setup/references/knowledge-instance.md
  - .claude/skills/knowledge-setup/references/local-compounding.md
  - .claude/skills/knowledge-setup/references/portable-hooks.md
  - .claude/skills/knowledge-setup/references/profiles.md
  - .claude/skills/knowledge-setup/references/publication.md
  - .claude/skills/knowledge-setup/scripts/launch_container.py
  - .claude/skills/knowledge-setup/scripts/prepare_container_profile.py
  - .claude/skills/knowledge-setup/scripts/register_profile.py
  - .claude/skills/knowledge-setup/scripts/setup_runtime.py
  - .claude/skills/knowledge-upgrade
  - .claude/skills/knowledge-upgrade/SKILL.md
  - .claude/skills/knowledge-upgrade/references/scaffold-upgrades.md
  - .github/hooks/knowledge-agent-pack-knowledge-discovery.json
  - .github/instructions/agent-knowledge-discovery.instructions.md
  deployed_file_hashes:
    .agents/skills/knowledge-compound/SKILL.md: sha256:66cf86e59e8e6b1fc83ba262b006b3134e530ce573ce2d9c16af05a9e2b5d02a
    .agents/skills/knowledge-compound/references/business-decisions.md: sha256:2a0472a3b9689ce51c644ba0f5bcc73e8620e99afc0a6d654642cab030745d56
    .agents/skills/knowledge-compound/references/guidance-authoring.md: sha256:795100d731426dc7adb5b6715c7ceb4b12590e9aced1867b00d8ec51ae27e97f
    .agents/skills/knowledge-compound/references/owner-discovery.md: sha256:2f352f6366fb44dd80f35b8918a836557ea547d8594c9b24ae073047feaf413e
    .agents/skills/knowledge-setup/SKILL.md: sha256:d1cdc3e1205f911f4c23f0798abe2b7aa068c56f8729fb8b48ff434716c2029a
    .agents/skills/knowledge-setup/references/business-onboarding.md: sha256:7704ef34b6e929ea83c3201cfb883e54995a8a1a4293632042cf816742639667
    .agents/skills/knowledge-setup/references/claude-scheduled.md: sha256:0f1dab248bf2f6c3b62a933ab85ae8a5ae967673ed517b38377f168d8ad50135
    .agents/skills/knowledge-setup/references/codex-scheduled.md: sha256:a0acc26ed85bf257cfcefb7e6079319cdffd1d11a83dfd50e65bc3eac77150b5
    .agents/skills/knowledge-setup/references/container-profiles.md: sha256:9cb4a802a177dee4946424431dcb54c51ef019ddaa3592e496c8bea64a826682
    .agents/skills/knowledge-setup/references/containers.md: sha256:7a4d8074ed5f82201d4d74ad0fb3d667d6ff268aee8ed47509720431003854f5
    .agents/skills/knowledge-setup/references/copilot-scheduled.md: sha256:986838fe648d303435127f405ca5e8c2f2ef054bf4b2413cb35e352250d1736c
    .agents/skills/knowledge-setup/references/existing-repository.md: sha256:5e7568c91ff2e70047218f38f8be42d1f9761a127ce725817708a725514650d1
    .agents/skills/knowledge-setup/references/knowledge-instance.md: sha256:e1768039bf7cc07ee8b777b60abe6fead8133eba590ef7320e9d293e375d29f1
    .agents/skills/knowledge-setup/references/local-compounding.md: sha256:87b45b1f0cb923922c524b0ec129fabeffbb2a42fd34a45c189c0d96c3b8fda8
    .agents/skills/knowledge-setup/references/portable-hooks.md: sha256:f1d0945e7544a43e926f15e4c8a0ae2b68f59046fd5d47d7ccb3c6679f8033c0
    .agents/skills/knowledge-setup/references/profiles.md: sha256:006c044b812ca760ce91c537f0b977096a9d5cb2f36c82d83ccf370e38f41a65
    .agents/skills/knowledge-setup/references/publication.md: sha256:b666ae0ac2ccfaff37110f107f40c27b1631754d82deb1ad7710c547d86eafcd
    .agents/skills/knowledge-setup/scripts/launch_container.py: sha256:ac7f0ad61818806a90d90592a2f076677719074f19f9d21c161610c26e081664
    .agents/skills/knowledge-setup/scripts/prepare_container_profile.py: sha256:8599374544ee7f8d9b52f0c4d9401768ca8218546c22d68391409a209c0aedac
    .agents/skills/knowledge-setup/scripts/register_profile.py: sha256:2dd4296fa048d740933c8a8923c0fb28beaa6fbf8a029f3431c674fd4a9abd98
    .agents/skills/knowledge-setup/scripts/setup_runtime.py: sha256:f5a526d4aeac2084a49aaa31b5fe6545bf60d9796f0f6a3b0e3a065b62091738
    .agents/skills/knowledge-upgrade/SKILL.md: sha256:c4fb61fab23ec6c4b01ae25e1ae46275bb5d9b0c82a3f4042b1a68c0476143d2
    .agents/skills/knowledge-upgrade/references/scaffold-upgrades.md: sha256:ccd47735f377199761a1ef5c60fe96aa54b9740162d116a4da175eb4fa4def4f
    .claude/rules/agent-knowledge-discovery.md: sha256:6011494dcda0af9b3a8eef1684232a195ff5dbb54ff01f73d38e88843a292b4b
    .claude/skills/knowledge-compound/SKILL.md: sha256:66cf86e59e8e6b1fc83ba262b006b3134e530ce573ce2d9c16af05a9e2b5d02a
    .claude/skills/knowledge-compound/references/business-decisions.md: sha256:2a0472a3b9689ce51c644ba0f5bcc73e8620e99afc0a6d654642cab030745d56
    .claude/skills/knowledge-compound/references/guidance-authoring.md: sha256:795100d731426dc7adb5b6715c7ceb4b12590e9aced1867b00d8ec51ae27e97f
    .claude/skills/knowledge-compound/references/owner-discovery.md: sha256:2f352f6366fb44dd80f35b8918a836557ea547d8594c9b24ae073047feaf413e
    .claude/skills/knowledge-setup/SKILL.md: sha256:d1cdc3e1205f911f4c23f0798abe2b7aa068c56f8729fb8b48ff434716c2029a
    .claude/skills/knowledge-setup/references/business-onboarding.md: sha256:7704ef34b6e929ea83c3201cfb883e54995a8a1a4293632042cf816742639667
    .claude/skills/knowledge-setup/references/claude-scheduled.md: sha256:0f1dab248bf2f6c3b62a933ab85ae8a5ae967673ed517b38377f168d8ad50135
    .claude/skills/knowledge-setup/references/codex-scheduled.md: sha256:a0acc26ed85bf257cfcefb7e6079319cdffd1d11a83dfd50e65bc3eac77150b5
    .claude/skills/knowledge-setup/references/container-profiles.md: sha256:9cb4a802a177dee4946424431dcb54c51ef019ddaa3592e496c8bea64a826682
    .claude/skills/knowledge-setup/references/containers.md: sha256:7a4d8074ed5f82201d4d74ad0fb3d667d6ff268aee8ed47509720431003854f5
    .claude/skills/knowledge-setup/references/copilot-scheduled.md: sha256:986838fe648d303435127f405ca5e8c2f2ef054bf4b2413cb35e352250d1736c
    .claude/skills/knowledge-setup/references/existing-repository.md: sha256:5e7568c91ff2e70047218f38f8be42d1f9761a127ce725817708a725514650d1
    .claude/skills/knowledge-setup/references/knowledge-instance.md: sha256:e1768039bf7cc07ee8b777b60abe6fead8133eba590ef7320e9d293e375d29f1
    .claude/skills/knowledge-setup/references/local-compounding.md: sha256:87b45b1f0cb923922c524b0ec129fabeffbb2a42fd34a45c189c0d96c3b8fda8
    .claude/skills/knowledge-setup/references/portable-hooks.md: sha256:f1d0945e7544a43e926f15e4c8a0ae2b68f59046fd5d47d7ccb3c6679f8033c0
    .claude/skills/knowledge-setup/references/profiles.md: sha256:006c044b812ca760ce91c537f0b977096a9d5cb2f36c82d83ccf370e38f41a65
    .claude/skills/knowledge-setup/references/publication.md: sha256:b666ae0ac2ccfaff37110f107f40c27b1631754d82deb1ad7710c547d86eafcd
    .claude/skills/knowledge-setup/scripts/launch_container.py: sha256:ac7f0ad61818806a90d90592a2f076677719074f19f9d21c161610c26e081664
    .claude/skills/knowledge-setup/scripts/prepare_container_profile.py: sha256:8599374544ee7f8d9b52f0c4d9401768ca8218546c22d68391409a209c0aedac
    .claude/skills/knowledge-setup/scripts/register_profile.py: sha256:2dd4296fa048d740933c8a8923c0fb28beaa6fbf8a029f3431c674fd4a9abd98
    .claude/skills/knowledge-setup/scripts/setup_runtime.py: sha256:f5a526d4aeac2084a49aaa31b5fe6545bf60d9796f0f6a3b0e3a065b62091738
    .claude/skills/knowledge-upgrade/SKILL.md: sha256:c4fb61fab23ec6c4b01ae25e1ae46275bb5d9b0c82a3f4042b1a68c0476143d2
    .claude/skills/knowledge-upgrade/references/scaffold-upgrades.md: sha256:ccd47735f377199761a1ef5c60fe96aa54b9740162d116a4da175eb4fa4def4f
    .github/hooks/knowledge-agent-pack-knowledge-discovery.json: sha256:40cfc466cb0137e8005133050d1328017c25f48996fbdf33dc8ec823f5b8c9be
    .github/instructions/agent-knowledge-discovery.instructions.md: sha256:792c357f2d8b2cb43d9c3b851839f323878a59f3a664a2ee6822146fe1db10ce
  source: local
  local_path: ./packages/knowledge-agent-pack
  declared_license: 0BSD
deployments:
- kind: project-relative
  target: claude
  value: .claude/rules/agent-knowledge-discovery.md
  runtime: null
  scope: project
  owners:
  - ./packages/knowledge-agent-pack
  active_owner: ./packages/knowledge-agent-pack
  content_hash: sha256:6011494dcda0af9b3a8eef1684232a195ff5dbb54ff01f73d38e88843a292b4b
- kind: project-relative
  target: claude
  value: .claude/rules/scaffold-local.md
  runtime: null
  scope: project
  owners:
  - .
  active_owner: .
  content_hash: sha256:004a8dcb47b29538d4f9909811f2b9452076f4e8e92c80f7f630bd850abd10e9
- kind: project-relative
  target: claude
  value: .claude/skills/knowledge-compound
  runtime: null
  scope: project
  owners:
  - ./packages/knowledge-agent-pack
  active_owner: ./packages/knowledge-agent-pack
  content_hash: null
- kind: project-relative
  target: claude
  value: .claude/skills/knowledge-compound/SKILL.md
  runtime: null
  scope: project
  owners:
  - ./packages/knowledge-agent-pack
  active_owner: ./packages/knowledge-agent-pack
  content_hash: sha256:66cf86e59e8e6b1fc83ba262b006b3134e530ce573ce2d9c16af05a9e2b5d02a
- kind: project-relative
  target: claude
  value: .claude/skills/knowledge-compound/references/business-decisions.md
  runtime: null
  scope: project
  owners:
  - ./packages/knowledge-agent-pack
  active_owner: ./packages/knowledge-agent-pack
  content_hash: sha256:2a0472a3b9689ce51c644ba0f5bcc73e8620e99afc0a6d654642cab030745d56
- kind: project-relative
  target: claude
  value: .claude/skills/knowledge-compound/references/guidance-authoring.md
  runtime: null
  scope: project
  owners:
  - ./packages/knowledge-agent-pack
  active_owner: ./packages/knowledge-agent-pack
  content_hash: sha256:795100d731426dc7adb5b6715c7ceb4b12590e9aced1867b00d8ec51ae27e97f
- kind: project-relative
  target: claude
  value: .claude/skills/knowledge-compound/references/owner-discovery.md
  runtime: null
  scope: project
  owners:
  - ./packages/knowledge-agent-pack
  active_owner: ./packages/knowledge-agent-pack
  content_hash: sha256:2f352f6366fb44dd80f35b8918a836557ea547d8594c9b24ae073047feaf413e
- kind: project-relative
  target: claude
  value: .claude/skills/knowledge-setup
  runtime: null
  scope: project
  owners:
  - ./packages/knowledge-agent-pack
  active_owner: ./packages/knowledge-agent-pack
  content_hash: null
- kind: project-relative
  target: claude
  value: .claude/skills/knowledge-setup/SKILL.md
  runtime: null
  scope: project
  owners:
  - ./packages/knowledge-agent-pack
  active_owner: ./packages/knowledge-agent-pack
  content_hash: sha256:d1cdc3e1205f911f4c23f0798abe2b7aa068c56f8729fb8b48ff434716c2029a
- kind: project-relative
  target: claude
  value: .claude/skills/knowledge-setup/references/business-onboarding.md
  runtime: null
  scope: project
  owners:
  - ./packages/knowledge-agent-pack
  active_owner: ./packages/knowledge-agent-pack
  content_hash: sha256:7704ef34b6e929ea83c3201cfb883e54995a8a1a4293632042cf816742639667
- kind: project-relative
  target: claude
  value: .claude/skills/knowledge-setup/references/claude-scheduled.md
  runtime: null
  scope: project
  owners:
  - ./packages/knowledge-agent-pack
  active_owner: ./packages/knowledge-agent-pack
  content_hash: sha256:0f1dab248bf2f6c3b62a933ab85ae8a5ae967673ed517b38377f168d8ad50135
- kind: project-relative
  target: claude
  value: .claude/skills/knowledge-setup/references/codex-scheduled.md
  runtime: null
  scope: project
  owners:
  - ./packages/knowledge-agent-pack
  active_owner: ./packages/knowledge-agent-pack
  content_hash: sha256:a0acc26ed85bf257cfcefb7e6079319cdffd1d11a83dfd50e65bc3eac77150b5
- kind: project-relative
  target: claude
  value: .claude/skills/knowledge-setup/references/container-profiles.md
  runtime: null
  scope: project
  owners:
  - ./packages/knowledge-agent-pack
  active_owner: ./packages/knowledge-agent-pack
  content_hash: sha256:9cb4a802a177dee4946424431dcb54c51ef019ddaa3592e496c8bea64a826682
- kind: project-relative
  target: claude
  value: .claude/skills/knowledge-setup/references/containers.md
  runtime: null
  scope: project
  owners:
  - ./packages/knowledge-agent-pack
  active_owner: ./packages/knowledge-agent-pack
  content_hash: sha256:7a4d8074ed5f82201d4d74ad0fb3d667d6ff268aee8ed47509720431003854f5
- kind: project-relative
  target: claude
  value: .claude/skills/knowledge-setup/references/copilot-scheduled.md
  runtime: null
  scope: project
  owners:
  - ./packages/knowledge-agent-pack
  active_owner: ./packages/knowledge-agent-pack
  content_hash: sha256:986838fe648d303435127f405ca5e8c2f2ef054bf4b2413cb35e352250d1736c
- kind: project-relative
  target: claude
  value: .claude/skills/knowledge-setup/references/existing-repository.md
  runtime: null
  scope: project
  owners:
  - ./packages/knowledge-agent-pack
  active_owner: ./packages/knowledge-agent-pack
  content_hash: sha256:5e7568c91ff2e70047218f38f8be42d1f9761a127ce725817708a725514650d1
- kind: project-relative
  target: claude
  value: .claude/skills/knowledge-setup/references/knowledge-instance.md
  runtime: null
  scope: project
  owners:
  - ./packages/knowledge-agent-pack
  active_owner: ./packages/knowledge-agent-pack
  content_hash: sha256:e1768039bf7cc07ee8b777b60abe6fead8133eba590ef7320e9d293e375d29f1
- kind: project-relative
  target: claude
  value: .claude/skills/knowledge-setup/references/local-compounding.md
  runtime: null
  scope: project
  owners:
  - ./packages/knowledge-agent-pack
  active_owner: ./packages/knowledge-agent-pack
  content_hash: sha256:87b45b1f0cb923922c524b0ec129fabeffbb2a42fd34a45c189c0d96c3b8fda8
- kind: project-relative
  target: claude
  value: .claude/skills/knowledge-setup/references/portable-hooks.md
  runtime: null
  scope: project
  owners:
  - ./packages/knowledge-agent-pack
  active_owner: ./packages/knowledge-agent-pack
  content_hash: sha256:f1d0945e7544a43e926f15e4c8a0ae2b68f59046fd5d47d7ccb3c6679f8033c0
- kind: project-relative
  target: claude
  value: .claude/skills/knowledge-setup/references/profiles.md
  runtime: null
  scope: project
  owners:
  - ./packages/knowledge-agent-pack
  active_owner: ./packages/knowledge-agent-pack
  content_hash: sha256:006c044b812ca760ce91c537f0b977096a9d5cb2f36c82d83ccf370e38f41a65
- kind: project-relative
  target: claude
  value: .claude/skills/knowledge-setup/references/publication.md
  runtime: null
  scope: project
  owners:
  - ./packages/knowledge-agent-pack
  active_owner: ./packages/knowledge-agent-pack
  content_hash: sha256:b666ae0ac2ccfaff37110f107f40c27b1631754d82deb1ad7710c547d86eafcd
- kind: project-relative
  target: claude
  value: .claude/skills/knowledge-setup/scripts/launch_container.py
  runtime: null
  scope: project
  owners:
  - ./packages/knowledge-agent-pack
  active_owner: ./packages/knowledge-agent-pack
  content_hash: sha256:ac7f0ad61818806a90d90592a2f076677719074f19f9d21c161610c26e081664
- kind: project-relative
  target: claude
  value: .claude/skills/knowledge-setup/scripts/prepare_container_profile.py
  runtime: null
  scope: project
  owners:
  - ./packages/knowledge-agent-pack
  active_owner: ./packages/knowledge-agent-pack
  content_hash: sha256:8599374544ee7f8d9b52f0c4d9401768ca8218546c22d68391409a209c0aedac
- kind: project-relative
  target: claude
  value: .claude/skills/knowledge-setup/scripts/register_profile.py
  runtime: null
  scope: project
  owners:
  - ./packages/knowledge-agent-pack
  active_owner: ./packages/knowledge-agent-pack
  content_hash: sha256:2dd4296fa048d740933c8a8923c0fb28beaa6fbf8a029f3431c674fd4a9abd98
- kind: project-relative
  target: claude
  value: .claude/skills/knowledge-setup/scripts/setup_runtime.py
  runtime: null
  scope: project
  owners:
  - ./packages/knowledge-agent-pack
  active_owner: ./packages/knowledge-agent-pack
  content_hash: sha256:f5a526d4aeac2084a49aaa31b5fe6545bf60d9796f0f6a3b0e3a065b62091738
- kind: project-relative
  target: claude
  value: .claude/skills/knowledge-upgrade
  runtime: null
  scope: project
  owners:
  - ./packages/knowledge-agent-pack
  active_owner: ./packages/knowledge-agent-pack
  content_hash: null
- kind: project-relative
  target: claude
  value: .claude/skills/knowledge-upgrade/SKILL.md
  runtime: null
  scope: project
  owners:
  - ./packages/knowledge-agent-pack
  active_owner: ./packages/knowledge-agent-pack
  content_hash: sha256:c4fb61fab23ec6c4b01ae25e1ae46275bb5d9b0c82a3f4042b1a68c0476143d2
- kind: project-relative
  target: claude
  value: .claude/skills/knowledge-upgrade/references/scaffold-upgrades.md
  runtime: null
  scope: project
  owners:
  - ./packages/knowledge-agent-pack
  active_owner: ./packages/knowledge-agent-pack
  content_hash: sha256:ccd47735f377199761a1ef5c60fe96aa54b9740162d116a4da175eb4fa4def4f
- kind: project-relative
  target: codex
  value: .agents/skills/knowledge-compound
  runtime: null
  scope: project
  owners:
  - ./packages/knowledge-agent-pack
  active_owner: ./packages/knowledge-agent-pack
  content_hash: null
- kind: project-relative
  target: codex
  value: .agents/skills/knowledge-compound/SKILL.md
  runtime: null
  scope: project
  owners:
  - ./packages/knowledge-agent-pack
  active_owner: ./packages/knowledge-agent-pack
  content_hash: sha256:66cf86e59e8e6b1fc83ba262b006b3134e530ce573ce2d9c16af05a9e2b5d02a
- kind: project-relative
  target: codex
  value: .agents/skills/knowledge-compound/references/business-decisions.md
  runtime: null
  scope: project
  owners:
  - ./packages/knowledge-agent-pack
  active_owner: ./packages/knowledge-agent-pack
  content_hash: sha256:2a0472a3b9689ce51c644ba0f5bcc73e8620e99afc0a6d654642cab030745d56
- kind: project-relative
  target: codex
  value: .agents/skills/knowledge-compound/references/guidance-authoring.md
  runtime: null
  scope: project
  owners:
  - ./packages/knowledge-agent-pack
  active_owner: ./packages/knowledge-agent-pack
  content_hash: sha256:795100d731426dc7adb5b6715c7ceb4b12590e9aced1867b00d8ec51ae27e97f
- kind: project-relative
  target: codex
  value: .agents/skills/knowledge-compound/references/owner-discovery.md
  runtime: null
  scope: project
  owners:
  - ./packages/knowledge-agent-pack
  active_owner: ./packages/knowledge-agent-pack
  content_hash: sha256:2f352f6366fb44dd80f35b8918a836557ea547d8594c9b24ae073047feaf413e
- kind: project-relative
  target: codex
  value: .agents/skills/knowledge-setup
  runtime: null
  scope: project
  owners:
  - ./packages/knowledge-agent-pack
  active_owner: ./packages/knowledge-agent-pack
  content_hash: null
- kind: project-relative
  target: codex
  value: .agents/skills/knowledge-setup/SKILL.md
  runtime: null
  scope: project
  owners:
  - ./packages/knowledge-agent-pack
  active_owner: ./packages/knowledge-agent-pack
  content_hash: sha256:d1cdc3e1205f911f4c23f0798abe2b7aa068c56f8729fb8b48ff434716c2029a
- kind: project-relative
  target: codex
  value: .agents/skills/knowledge-setup/references/business-onboarding.md
  runtime: null
  scope: project
  owners:
  - ./packages/knowledge-agent-pack
  active_owner: ./packages/knowledge-agent-pack
  content_hash: sha256:7704ef34b6e929ea83c3201cfb883e54995a8a1a4293632042cf816742639667
- kind: project-relative
  target: codex
  value: .agents/skills/knowledge-setup/references/claude-scheduled.md
  runtime: null
  scope: project
  owners:
  - ./packages/knowledge-agent-pack
  active_owner: ./packages/knowledge-agent-pack
  content_hash: sha256:0f1dab248bf2f6c3b62a933ab85ae8a5ae967673ed517b38377f168d8ad50135
- kind: project-relative
  target: codex
  value: .agents/skills/knowledge-setup/references/codex-scheduled.md
  runtime: null
  scope: project
  owners:
  - ./packages/knowledge-agent-pack
  active_owner: ./packages/knowledge-agent-pack
  content_hash: sha256:a0acc26ed85bf257cfcefb7e6079319cdffd1d11a83dfd50e65bc3eac77150b5
- kind: project-relative
  target: codex
  value: .agents/skills/knowledge-setup/references/container-profiles.md
  runtime: null
  scope: project
  owners:
  - ./packages/knowledge-agent-pack
  active_owner: ./packages/knowledge-agent-pack
  content_hash: sha256:9cb4a802a177dee4946424431dcb54c51ef019ddaa3592e496c8bea64a826682
- kind: project-relative
  target: codex
  value: .agents/skills/knowledge-setup/references/containers.md
  runtime: null
  scope: project
  owners:
  - ./packages/knowledge-agent-pack
  active_owner: ./packages/knowledge-agent-pack
  content_hash: sha256:7a4d8074ed5f82201d4d74ad0fb3d667d6ff268aee8ed47509720431003854f5
- kind: project-relative
  target: codex
  value: .agents/skills/knowledge-setup/references/copilot-scheduled.md
  runtime: null
  scope: project
  owners:
  - ./packages/knowledge-agent-pack
  active_owner: ./packages/knowledge-agent-pack
  content_hash: sha256:986838fe648d303435127f405ca5e8c2f2ef054bf4b2413cb35e352250d1736c
- kind: project-relative
  target: codex
  value: .agents/skills/knowledge-setup/references/existing-repository.md
  runtime: null
  scope: project
  owners:
  - ./packages/knowledge-agent-pack
  active_owner: ./packages/knowledge-agent-pack
  content_hash: sha256:5e7568c91ff2e70047218f38f8be42d1f9761a127ce725817708a725514650d1
- kind: project-relative
  target: codex
  value: .agents/skills/knowledge-setup/references/knowledge-instance.md
  runtime: null
  scope: project
  owners:
  - ./packages/knowledge-agent-pack
  active_owner: ./packages/knowledge-agent-pack
  content_hash: sha256:e1768039bf7cc07ee8b777b60abe6fead8133eba590ef7320e9d293e375d29f1
- kind: project-relative
  target: codex
  value: .agents/skills/knowledge-setup/references/local-compounding.md
  runtime: null
  scope: project
  owners:
  - ./packages/knowledge-agent-pack
  active_owner: ./packages/knowledge-agent-pack
  content_hash: sha256:87b45b1f0cb923922c524b0ec129fabeffbb2a42fd34a45c189c0d96c3b8fda8
- kind: project-relative
  target: codex
  value: .agents/skills/knowledge-setup/references/portable-hooks.md
  runtime: null
  scope: project
  owners:
  - ./packages/knowledge-agent-pack
  active_owner: ./packages/knowledge-agent-pack
  content_hash: sha256:f1d0945e7544a43e926f15e4c8a0ae2b68f59046fd5d47d7ccb3c6679f8033c0
- kind: project-relative
  target: codex
  value: .agents/skills/knowledge-setup/references/profiles.md
  runtime: null
  scope: project
  owners:
  - ./packages/knowledge-agent-pack
  active_owner: ./packages/knowledge-agent-pack
  content_hash: sha256:006c044b812ca760ce91c537f0b977096a9d5cb2f36c82d83ccf370e38f41a65
- kind: project-relative
  target: codex
  value: .agents/skills/knowledge-setup/references/publication.md
  runtime: null
  scope: project
  owners:
  - ./packages/knowledge-agent-pack
  active_owner: ./packages/knowledge-agent-pack
  content_hash: sha256:b666ae0ac2ccfaff37110f107f40c27b1631754d82deb1ad7710c547d86eafcd
- kind: project-relative
  target: codex
  value: .agents/skills/knowledge-setup/scripts/launch_container.py
  runtime: null
  scope: project
  owners:
  - ./packages/knowledge-agent-pack
  active_owner: ./packages/knowledge-agent-pack
  content_hash: sha256:ac7f0ad61818806a90d90592a2f076677719074f19f9d21c161610c26e081664
- kind: project-relative
  target: codex
  value: .agents/skills/knowledge-setup/scripts/prepare_container_profile.py
  runtime: null
  scope: project
  owners:
  - ./packages/knowledge-agent-pack
  active_owner: ./packages/knowledge-agent-pack
  content_hash: sha256:8599374544ee7f8d9b52f0c4d9401768ca8218546c22d68391409a209c0aedac
- kind: project-relative
  target: codex
  value: .agents/skills/knowledge-setup/scripts/register_profile.py
  runtime: null
  scope: project
  owners:
  - ./packages/knowledge-agent-pack
  active_owner: ./packages/knowledge-agent-pack
  content_hash: sha256:2dd4296fa048d740933c8a8923c0fb28beaa6fbf8a029f3431c674fd4a9abd98
- kind: project-relative
  target: codex
  value: .agents/skills/knowledge-setup/scripts/setup_runtime.py
  runtime: null
  scope: project
  owners:
  - ./packages/knowledge-agent-pack
  active_owner: ./packages/knowledge-agent-pack
  content_hash: sha256:f5a526d4aeac2084a49aaa31b5fe6545bf60d9796f0f6a3b0e3a065b62091738
- kind: project-relative
  target: codex
  value: .agents/skills/knowledge-upgrade
  runtime: null
  scope: project
  owners:
  - ./packages/knowledge-agent-pack
  active_owner: ./packages/knowledge-agent-pack
  content_hash: null
- kind: project-relative
  target: codex
  value: .agents/skills/knowledge-upgrade/SKILL.md
  runtime: null
  scope: project
  owners:
  - ./packages/knowledge-agent-pack
  active_owner: ./packages/knowledge-agent-pack
  content_hash: sha256:c4fb61fab23ec6c4b01ae25e1ae46275bb5d9b0c82a3f4042b1a68c0476143d2
- kind: project-relative
  target: codex
  value: .agents/skills/knowledge-upgrade/references/scaffold-upgrades.md
  runtime: null
  scope: project
  owners:
  - ./packages/knowledge-agent-pack
  active_owner: ./packages/knowledge-agent-pack
  content_hash: sha256:ccd47735f377199761a1ef5c60fe96aa54b9740162d116a4da175eb4fa4def4f
- kind: project-relative
  target: copilot
  value: .github/hooks/knowledge-agent-pack-knowledge-discovery.json
  runtime: null
  scope: project
  owners:
  - ./packages/knowledge-agent-pack
  active_owner: ./packages/knowledge-agent-pack
  content_hash: sha256:40cfc466cb0137e8005133050d1328017c25f48996fbdf33dc8ec823f5b8c9be
- kind: project-relative
  target: copilot
  value: .github/instructions/agent-knowledge-discovery.instructions.md
  runtime: null
  scope: project
  owners:
  - ./packages/knowledge-agent-pack
  active_owner: ./packages/knowledge-agent-pack
  content_hash: sha256:792c357f2d8b2cb43d9c3b851839f323878a59f3a664a2ee6822146fe1db10ce
- kind: project-relative
  target: copilot
  value: .github/instructions/scaffold-local.instructions.md
  runtime: null
  scope: project
  owners:
  - .
  active_owner: .
  content_hash: sha256:a8c99eb62deb62a8cbc64c5c2b2a27b35483f7f2da55860e5243f79a43d89911
local_deployed_files:
- .claude/rules/scaffold-local.md
- .github/instructions/scaffold-local.instructions.md
local_deployed_file_hashes:
  .claude/rules/scaffold-local.md: sha256:004a8dcb47b29538d4f9909811f2b9452076f4e8e92c80f7f630bd850abd10e9
  .github/instructions/scaffold-local.instructions.md: sha256:a8c99eb62deb62a8cbc64c5c2b2a27b35483f7f2da55860e5243f79a43d89911
